<?xml version="1.0" encoding="utf-8"?>
<Project ToolsVersion="4.0" xmlns="http://schemas.microsoft.com/developer/msbuild/2003">
  <ItemGroup>
    <ClCompile Include="main.cpp" />
    <ClCompile Include="Util.cpp">
      <Filter>Utils</Filter>
    </ClCompile>
    <ClCompile Include="Converter.cpp">
      <Filter>Converters\Shared</Filter>
    </ClCompile>
    <ClCompile Include="MovieDataConvert.cpp">
      <Filter>Converters\Shared</Filter>
    </ClCompile>
    <ClCompile Include="VegetationDumpConvert.cpp">
      <Filter>Converters\CE3</Filter>
    </ClCompile>
    <ClCompile Include="TerrainLayerInfoConvert.cpp">
      <Filter>Converters\CE3</Filter>
    </ClCompile>
    <ClCompile Include="MissionConvert_Base.cpp">
      <Filter>Converters\Shared</Filter>
    </ClCompile>
    <ClCompile Include="MissionConvert_CE5.cpp">
      <Filter>Converters\CE5</Filter>
    </ClCompile>
    <ClCompile Include="EntArchetypeObtainer.cpp">
      <Filter>Converters\Shared</Filter>
    </ClCompile>
    <ClCompile Include="MissionConvert_CE3.cpp">
      <Filter>Converters\CE3</Filter>
    </ClCompile>
    <ClCompile Include="CryVersionDetect.cpp">
      <Filter>Utils</Filter>
    </ClCompile>
  </ItemGroup>
  <ItemGroup>
    <ClInclude Include="CLCHeaders.h">
      <Filter>Utils</Filter>
    </ClInclude>
    <ClInclude Include="Util.h">
      <Filter>Utils</Filter>
    </ClInclude>
    <ClInclude Include="Converter.h">
      <Filter>Converters\Shared</Filter>
    </ClInclude>
    <ClInclude Include="MovieDataConvert.h">
      <Filter>Converters\Shared</Filter>
    </ClInclude>
    <ClInclude Include="VegetationDumpConvert.h">
      <Filter>Converters\CE3</Filter>
    </ClInclude>
    <ClInclude Include="TerrainLayerInfoConvert.h">
      <Filter>Converters\CE3</Filter>
    </ClInclude>
    <ClInclude Include="MissionConvert_Base.h">
      <Filter>Converters\Shared</Filter>
    </ClInclude>
    <ClInclude Include="MissionConvert_CE5.h">
      <Filter>Converters\CE5</Filter>
    </ClInclude>
    <ClInclude Include="EntArchetypeObtainer.h">
      <Filter>Converters\Shared</Filter>
    </ClInclude>
    <ClInclude Include="MissionConvert_CE3.h">
      <Filter>Converters\CE3</Filter>
    </ClInclude>
    <ClInclude Include="CryVersionDetect.h">
      <Filter>Utils</Filter>
    </ClInclude>
    <ClInclude Include="zippy\Zippy.hpp" />
  </ItemGroup>
  <ItemGroup>
    <Filter Include="Converters">
      <UniqueIdentifier>{8a40c106-1ed4-416d-80ef-2e0c0606b680}</UniqueIdentifier>
    </Filter>
    <Filter Include="Utils">
      <UniqueIdentifier>{e077a566-ec77-4ad4-bba0-236a018d9be6}</UniqueIdentifier>
    </Filter>
    <Filter Include="Converters\CE3">
      <UniqueIdentifier>{9b4026e0-2bb8-4ca5-875a-f91f35891b43}</UniqueIdentifier>
    </Filter>
    <Filter Include="Converters\CE5">
      <UniqueIdentifier>{d7df411d-4bec-4032-903f-1d91a0918a99}</UniqueIdentifier>
    </Filter>
    <Filter Include="Converters\Shared">
      <UniqueIdentifier>{0e8e7418-2ae7-48c6-8990-33fe2a92bee9}</UniqueIdentifier>
    </Filter>
  </ItemGroup>
  <ItemGroup>
    <None Include="README.md" />
  </ItemGroup>
</Project>