<?xml version="1.0" encoding="utf-8"?>
<Project ToolsVersion="4.0" xmlns="http://schemas.microsoft.com/developer/msbuild/2003">
  <ItemGroup>
    <ClCompile Include="main.cpp" />
    <ClCompile Include="Util.cpp">
      <Filter>Utils</Filter>
    </ClCompile>
    <ClCompile Include="MissionConvert.cpp">
      <Filter>Converters\XML</Filter>
    </ClCompile>
    <ClCompile Include="MovieDataConvert.cpp">
      <Filter>Converters\XML</Filter>
    </ClCompile>
    <ClCompile Include="Converter.cpp">
      <Filter>Converters\XML</Filter>
    </ClCompile>
    <ClCompile Include="VegetationDumpConvert.cpp">
      <Filter>Converters\Custom Format</Filter>
    </ClCompile>
    <ClCompile Include="EntArchetypeObtainer.cpp">
      <Filter>Converters\XML</Filter>
    </ClCompile>
    <ClCompile Include="TerrainLayerInfoConvert.cpp">
      <Filter>Converters\XML</Filter>
    </ClCompile>
    <ClCompile Include="CryVersionDetect.cpp">
      <Filter>Utils</Filter>
    </ClCompile>
  </ItemGroup>
  <ItemGroup>
    <ClInclude Include="CLCHeaders.h">
      <Filter>Utils</Filter>
    </ClInclude>
    <ClInclude Include="Util.h">
      <Filter>Utils</Filter>
    </ClInclude>
    <ClInclude Include="MissionConvert.h">
      <Filter>Converters\XML</Filter>
    </ClInclude>
    <ClInclude Include="MovieDataConvert.h">
      <Filter>Converters\XML</Filter>
    </ClInclude>
    <ClInclude Include="Converter.h">
      <Filter>Converters\XML</Filter>
    </ClInclude>
    <ClInclude Include="VegetationDumpConvert.h">
      <Filter>Converters\Custom Format</Filter>
    </ClInclude>
    <ClInclude Include="EntArchetypeObtainer.h">
      <Filter>Converters\XML</Filter>
    </ClInclude>
    <ClInclude Include="TerrainLayerInfoConvert.h">
      <Filter>Converters\XML</Filter>
    </ClInclude>
    <ClInclude Include="CryVersionDetect.h">
      <Filter>Utils</Filter>
    </ClInclude>
  </ItemGroup>
  <ItemGroup>
    <Filter Include="Converters">
      <UniqueIdentifier>{8a40c106-1ed4-416d-80ef-2e0c0606b680}</UniqueIdentifier>
    </Filter>
    <Filter Include="Converters\XML">
      <UniqueIdentifier>{0bf8625f-ffb8-4a18-9812-2458a138ec7d}</UniqueIdentifier>
    </Filter>
    <Filter Include="Converters\Custom Format">
      <UniqueIdentifier>{6db5ff0a-c09c-448b-b638-0f0772330e8f}</UniqueIdentifier>
    </Filter>
    <Filter Include="Utils">
      <UniqueIdentifier>{e077a566-ec77-4ad4-bba0-236a018d9be6}</UniqueIdentifier>
    </Filter>
  </ItemGroup>
  <ItemGroup>
    <None Include="README.md" />
  </ItemGroup>
</Project>